{
    "_readme": [
        "This file locks the dependencies of your project to a known state",
        "Read more about it at https://getcomposer.org/doc/01-basic-usage.md#composer-lock-the-lock-file",
        "This file is @generated automatically"
    ],
    "hash": "6ed878fabab69a36e2ad0cb6a6b407ee",
    "content-hash": "deb18653f3a15acacd3dc78847ba078d",
    "packages": [
        {
            "name": "flynsarmy/db-blade-compiler",
            "version": "v2.0.2",
            "source": {
                "type": "git",
                "url": "https://github.com/Flynsarmy/laravel-db-blade-compiler.git",
                "reference": "011658034c5ca14d42c64c7f1024f7cc9811fdb3"
            },
            "dist": {
                "type": "zip",
                "url": "https://api.github.com/repos/Flynsarmy/laravel-db-blade-compiler/zipball/011658034c5ca14d42c64c7f1024f7cc9811fdb3",
                "reference": "011658034c5ca14d42c64c7f1024f7cc9811fdb3",
                "shasum": ""
            },
            "require": {
                "php": ">=5.3.0"
            },
            "type": "library",
            "autoload": {
                "psr-0": {
                    "Flynsarmy\\DbBladeCompiler\\": "src/"
                }
            },
            "notification-url": "https://packagist.org/downloads/",
            "license": [
                "MIT"
            ],
            "authors": [
                {
                    "name": "Flyn San",
                    "email": "flynsarmy@gmail.com"
                },
                {
                    "name": "Ebrahim Radi",
                    "email": "ebrahim.radi@gmail.com",
                    "homepage": "http://me2bits.com"
                }
            ],
            "description": "Render Blade templates from Eloquent Model Fields",
            "keywords": [
                "blade",
                "compiler",
                "eloquent",
                "laravel",
                "model"
            ],
            "time": "2015-06-15 22:21:08"
        }
    ],
    "packages-dev": [],
    "aliases": [],
    "minimum-stability": "stable",
    "stability-flags": [],
    "prefer-stable": false,
    "prefer-lowest": false,
    "platform": [],
    "platform-dev": []
}
